// !$*UTF8*$!
{
	archiveVersion = 1;
	classes = {
	};
	objectVersion = 46;
	objects = {

/* Begin PBXBuildFile section */
		54F9AC741D570D7C009A1F63 /* AppDelegate.swift in Sources */ = {isa = PBXBuildFile; fileRef = 54F9AC731D570D7C009A1F63 /* AppDelegate.swift */; };
		54F9AC791D570D7C009A1F63 /* Main.storyboard in Resources */ = {isa = PBXBuildFile; fileRef = 54F9AC771D570D7C009A1F63 /* Main.storyboard */; };
		54F9AC7B1D570D7C009A1F63 /* Assets.xcassets in Resources */ = {isa = PBXBuildFile; fileRef = 54F9AC7A1D570D7C009A1F63 /* Assets.xcassets */; };
		54F9AC7E1D570D7C009A1F63 /* LaunchScreen.storyboard in Resources */ = {isa = PBXBuildFile; fileRef = 54F9AC7C1D570D7C009A1F63 /* LaunchScreen.storyboard */; };
		54F9AC891D570D7C009A1F63 /* VinciProjectTests.swift in Sources */ = {isa = PBXBuildFile; fileRef = 54F9AC881D570D7C009A1F63 /* VinciProjectTests.swift */; };
		54F9AC941D570D7C009A1F63 /* VinciProjectUITests.swift in Sources */ = {isa = PBXBuildFile; fileRef = 54F9AC931D570D7C009A1F63 /* VinciProjectUITests.swift */; };
		54F9ACA61D570E2E009A1F63 /* home.storyboard in Resources */ = {isa = PBXBuildFile; fileRef = 54F9ACA51D570E2E009A1F63 /* home.storyboard */; };
		54F9ACA81D570E45009A1F63 /* other.storyboard in Resources */ = {isa = PBXBuildFile; fileRef = 54F9ACA71D570E45009A1F63 /* other.storyboard */; };
		54F9ACAB1D570E66009A1F63 /* Person.storyboard in Resources */ = {isa = PBXBuildFile; fileRef = 54F9ACA91D570E66009A1F63 /* Person.storyboard */; };
		54F9ACB01D570FF2009A1F63 /* BaseViewController.swift in Sources */ = {isa = PBXBuildFile; fileRef = 54F9ACAF1D570FF2009A1F63 /* BaseViewController.swift */; };
		54F9ACB21D57110D009A1F63 /* HomeViewController.swift in Sources */ = {isa = PBXBuildFile; fileRef = 54F9ACB11D57110D009A1F63 /* HomeViewController.swift */; };
/* End PBXBuildFile section */

/* Begin PBXContainerItemProxy section */
		54F9AC851D570D7C009A1F63 /* PBXContainerItemProxy */ = {
			isa = PBXContainerItemProxy;
			containerPortal = 54F9AC681D570D7C009A1F63 /* Project object */;
			proxyType = 1;
			remoteGlobalIDString = 54F9AC6F1D570D7C009A1F63;
			remoteInfo = VinciProject;
		};
		54F9AC901D570D7C009A1F63 /* PBXContainerItemProxy */ = {
			isa = PBXContainerItemProxy;
			containerPortal = 54F9AC681D570D7C009A1F63 /* Project object */;
			proxyType = 1;
			remoteGlobalIDString = 54F9AC6F1D570D7C009A1F63;
			remoteInfo = VinciProject;
		};
/* End PBXContainerItemProxy section */

/* Begin PBXFileReference section */
		54F9AC701D570D7C009A1F63 /* VinciProject.app */ = {isa = PBXFileReference; explicitFileType = wrapper.application; includeInIndex = 0; path = VinciProject.app; sourceTree = BUILT_PRODUCTS_DIR; };
		54F9AC731D570D7C009A1F63 /* AppDelegate.swift */ = {isa = PBXFileReference; lastKnownFileType = sourcecode.swift; path = AppDelegate.swift; sourceTree = "<group>"; };
		54F9AC781D570D7C009A1F63 /* Base */ = {isa = PBXFileReference; lastKnownFileType = file.storyboard; name = Base; path = Base.lproj/Main.storyboard; sourceTree = "<group>"; };
		54F9AC7A1D570D7C009A1F63 /* Assets.xcassets */ = {isa = PBXFileReference; lastKnownFileType = folder.assetcatalog; path = Assets.xcassets; sourceTree = "<group>"; };
		54F9AC7D1D570D7C009A1F63 /* Base */ = {isa = PBXFileReference; lastKnownFileType = file.storyboard; name = Base; path = Base.lproj/LaunchScreen.storyboard; sourceTree = "<group>"; };
		54F9AC7F1D570D7C009A1F63 /* Info.plist */ = {isa = PBXFileReference; lastKnownFileType = text.plist.xml; path = Info.plist; sourceTree = "<group>"; };
		54F9AC841D570D7C009A1F63 /* VinciProjectTests.xctest */ = {isa = PBXFileReference; explicitFileType = wrapper.cfbundle; includeInIndex = 0; path = VinciProjectTests.xctest; sourceTree = BUILT_PRODUCTS_DIR; };
		54F9AC881D570D7C009A1F63 /* VinciProjectTests.swift */ = {isa = PBXFileReference; lastKnownFileType = sourcecode.swift; path = VinciProjectTests.swift; sourceTree = "<group>"; };
		54F9AC8A1D570D7C009A1F63 /* Info.plist */ = {isa = PBXFileReference; lastKnownFileType = text.plist.xml; path = Info.plist; sourceTree = "<group>"; };
		54F9AC8F1D570D7C009A1F63 /* VinciProjectUITests.xctest */ = {isa = PBXFileReference; explicitFileType = wrapper.cfbundle; includeInIndex = 0; path = VinciProjectUITests.xctest; sourceTree = BUILT_PRODUCTS_DIR; };
		54F9AC931D570D7C009A1F63 /* VinciProjectUITests.swift */ = {isa = PBXFileReference; lastKnownFileType = sourcecode.swift; path = VinciProjectUITests.swift; sourceTree = "<group>"; };
		54F9AC951D570D7C009A1F63 /* Info.plist */ = {isa = PBXFileReference; lastKnownFileType = text.plist.xml; path = Info.plist; sourceTree = "<group>"; };
		54F9ACA51D570E2E009A1F63 /* home.storyboard */ = {isa = PBXFileReference; fileEncoding = 4; lastKnownFileType = file.storyboard; name = home.storyboard; path = ../Main/home.storyboard; sourceTree = "<group>"; };
		54F9ACA71D570E45009A1F63 /* other.storyboard */ = {isa = PBXFileReference; fileEncoding = 4; lastKnownFileType = file.storyboard; path = other.storyboard; sourceTree = "<group>"; };
		54F9ACAA1D570E66009A1F63 /* Base */ = {isa = PBXFileReference; lastKnownFileType = file.storyboard; name = Base; path = Base.lproj/Person.storyboard; sourceTree = "<group>"; };
		54F9ACAF1D570FF2009A1F63 /* BaseViewController.swift */ = {isa = PBXFileReference; fileEncoding = 4; lastKnownFileType = sourcecode.swift; path = BaseViewController.swift; sourceTree = "<group>"; };
		54F9ACB11D57110D009A1F63 /* HomeViewController.swift */ = {isa = PBXFileReference; fileEncoding = 4; lastKnownFileType = sourcecode.swift; path = HomeViewController.swift; sourceTree = "<group>"; };
/* End PBXFileReference section */

/* Begin PBXFrameworksBuildPhase section */
		54F9AC6D1D570D7C009A1F63 /* Frameworks */ = {
			isa = PBXFrameworksBuildPhase;
			buildActionMask = 2147483647;
			files = (
			);
			runOnlyForDeploymentPostprocessing = 0;
		};
		54F9AC811D570D7C009A1F63 /* Frameworks */ = {
			isa = PBXFrameworksBuildPhase;
			buildActionMask = 2147483647;
			files = (
			);
			runOnlyForDeploymentPostprocessing = 0;
		};
		54F9AC8C1D570D7C009A1F63 /* Frameworks */ = {
			isa = PBXFrameworksBuildPhase;
			buildActionMask = 2147483647;
			files = (
			);
			runOnlyForDeploymentPostprocessing = 0;
		};
/* End PBXFrameworksBuildPhase section */

/* Begin PBXGroup section */
		54F9AC671D570D7C009A1F63 = {
			isa = PBXGroup;
			children = (
				54F9AC721D570D7C009A1F63 /* VinciProject */,
				54F9AC871D570D7C009A1F63 /* VinciProjectTests */,
				54F9AC921D570D7C009A1F63 /* VinciProjectUITests */,
				54F9AC711D570D7C009A1F63 /* Products */,
			);
			sourceTree = "<group>";
		};
		54F9AC711D570D7C009A1F63 /* Products */ = {
			isa = PBXGroup;
			children = (
				54F9AC701D570D7C009A1F63 /* VinciProject.app */,
				54F9AC841D570D7C009A1F63 /* VinciProjectTests.xctest */,
				54F9AC8F1D570D7C009A1F63 /* VinciProjectUITests.xctest */,
			);
			name = Products;
			sourceTree = "<group>";
		};
		54F9AC721D570D7C009A1F63 /* VinciProject */ = {
			isa = PBXGroup;
			children = (
				54F9ACA11D570E01009A1F63 /* Classes */,
				54F9AC731D570D7C009A1F63 /* AppDelegate.swift */,
				54F9AC771D570D7C009A1F63 /* Main.storyboard */,
				54F9AC7A1D570D7C009A1F63 /* Assets.xcassets */,
				54F9AC7C1D570D7C009A1F63 /* LaunchScreen.storyboard */,
				54F9AC7F1D570D7C009A1F63 /* Info.plist */,
			);
			path = VinciProject;
			sourceTree = "<group>";
		};
		54F9AC871D570D7C009A1F63 /* VinciProjectTests */ = {
			isa = PBXGroup;
			children = (
				54F9AC881D570D7C009A1F63 /* VinciProjectTests.swift */,
				54F9AC8A1D570D7C009A1F63 /* Info.plist */,
			);
			path = VinciProjectTests;
			sourceTree = "<group>";
		};
		54F9AC921D570D7C009A1F63 /* VinciProjectUITests */ = {
			isa = PBXGroup;
			children = (
				54F9AC931D570D7C009A1F63 /* VinciProjectUITests.swift */,
				54F9AC951D570D7C009A1F63 /* Info.plist */,
			);
			path = VinciProjectUITests;
			sourceTree = "<group>";
		};
		54F9ACA11D570E01009A1F63 /* Classes */ = {
			isa = PBXGroup;
			children = (
				54F9ACAC1D570F85009A1F63 /* Home */,
				54F9ACA21D570E01009A1F63 /* Main */,
				54F9ACA31D570E01009A1F63 /* Other */,
				54F9ACA41D570E01009A1F63 /* Person */,
			);
			path = Classes;
			sourceTree = "<group>";
		};
		54F9ACA21D570E01009A1F63 /* Main */ = {
			isa = PBXGroup;
			children = (
				54F9ACAF1D570FF2009A1F63 /* BaseViewController.swift */,
			);
			path = Main;
			sourceTree = "<group>";
		};
		54F9ACA31D570E01009A1F63 /* Other */ = {
			isa = PBXGroup;
			children = (
				54F9ACA71D570E45009A1F63 /* other.storyboard */,
			);
			path = Other;
			sourceTree = "<group>";
		};
		54F9ACA41D570E01009A1F63 /* Person */ = {
			isa = PBXGroup;
			children = (
				54F9ACA91D570E66009A1F63 /* Person.storyboard */,
			);
			path = Person;
			sourceTree = "<group>";
		};
		54F9ACAC1D570F85009A1F63 /* Home */ = {
			isa = PBXGroup;
			children = (
				54F9ACA51D570E2E009A1F63 /* home.storyboard */,
				54F9ACB11D57110D009A1F63 /* HomeViewController.swift */,
			);
			path = Home;
			sourceTree = "<group>";
		};
/* End PBXGroup section */

/* Begin PBXNativeTarget section */
		54F9AC6F1D570D7C009A1F63 /* VinciProject */ = {
			isa = PBXNativeTarget;
			buildConfigurationList = 54F9AC981D570D7C009A1F63 /* Build configuration list for PBXNativeTarget "VinciProject" */;
			buildPhases = (
				54F9AC6C1D570D7C009A1F63 /* Sources */,
				54F9AC6D1D570D7C009A1F63 /* Frameworks */,
				54F9AC6E1D570D7C009A1F63 /* Resources */,
			);
			buildRules = (
			);
			dependencies = (
			);
			name = VinciProject;
			productName = VinciProject;
			productReference = 54F9AC701D570D7C009A1F63 /* VinciProject.app */;
			productType = "com.apple.product-type.application";
		};
		54F9AC831D570D7C009A1F63 /* VinciProjectTests */ = {
			isa = PBXNativeTarget;
			buildConfigurationList = 54F9AC9B1D570D7C009A1F63 /* Build configuration list for PBXNativeTarget "VinciProjectTests" */;
			buildPhases = (
				54F9AC801D570D7C009A1F63 /* Sources */,
				54F9AC811D570D7C009A1F63 /* Frameworks */,
				54F9AC821D570D7C009A1F63 /* Resources */,
			);
			buildRules = (
			);
			dependencies = (
				54F9AC861D570D7C009A1F63 /* PBXTargetDependency */,
			);
			name = VinciProjectTests;
			productName = VinciProjectTests;
			productReference = 54F9AC841D570D7C009A1F63 /* VinciProjectTests.xctest */;
			productType = "com.apple.product-type.bundle.unit-test";
		};
		54F9AC8E1D570D7C009A1F63 /* VinciProjectUITests */ = {
			isa = PBXNativeTarget;
			buildConfigurationList = 54F9AC9E1D570D7C009A1F63 /* Build configuration list for PBXNativeTarget "VinciProjectUITests" */;
			buildPhases = (
				54F9AC8B1D570D7C009A1F63 /* Sources */,
				54F9AC8C1D570D7C009A1F63 /* Frameworks */,
				54F9AC8D1D570D7C009A1F63 /* Resources */,
			);
			buildRules = (
			);
			dependencies = (
				54F9AC911D570D7C009A1F63 /* PBXTargetDependency */,
			);
			name = VinciProjectUITests;
			productName = VinciProjectUITests;
			productReference = 54F9AC8F1D570D7C009A1F63 /* VinciProjectUITests.xctest */;
			productType = "com.apple.product-type.bundle.ui-testing";
		};
/* End PBXNativeTarget section */

/* Begin PBXProject section */
		54F9AC681D570D7C009A1F63 /* Project object */ = {
			isa = PBXProject;
			attributes = {
				LastSwiftUpdateCheck = 0730;
				LastUpgradeCheck = 0730;
				ORGANIZATIONNAME = Aplan;
				TargetAttributes = {
					54F9AC6F1D570D7C009A1F63 = {
						CreatedOnToolsVersion = 7.3;
					};
					54F9AC831D570D7C009A1F63 = {
						CreatedOnToolsVersion = 7.3;
						TestTargetID = 54F9AC6F1D570D7C009A1F63;
					};
					54F9AC8E1D570D7C009A1F63 = {
						CreatedOnToolsVersion = 7.3;
						TestTargetID = 54F9AC6F1D570D7C009A1F63;
					};
				};
			};
			buildConfigurationList = 54F9AC6B1D570D7C009A1F63 /* Build configuration list for PBXProject "VinciProject" */;
			compatibilityVersion = "Xcode 3.2";
			developmentRegion = English;
			hasScannedForEncodings = 0;
			knownRegions = (
				en,
				Base,
			);
			mainGroup = 54F9AC671D570D7C009A1F63;
			productRefGroup = 54F9AC711D570D7C009A1F63 /* Products */;
			projectDirPath = "";
			projectRoot = "";
			targets = (
				54F9AC6F1D570D7C009A1F63 /* VinciProject */,
				54F9AC831D570D7C009A1F63 /* VinciProjectTests */,
				54F9AC8E1D570D7C009A1F63 /* VinciProjectUITests */,
			);
		};
/* End PBXProject section */

/* Begin PBXResourcesBuildPhase section */
		54F9AC6E1D570D7C009A1F63 /* Resources */ = {
			isa = PBXResourcesBuildPhase;
			buildActionMask = 2147483647;
			files = (
				54F9AC7E1D570D7C009A1F63 /* LaunchScreen.storyboard in Resources */,
				54F9ACA81D570E45009A1F63 /* other.storyboard in Resources */,
				54F9AC7B1D570D7C009A1F63 /* Assets.xcassets in Resources */,
				54F9AC791D570D7C009A1F63 /* Main.storyboard in Resources */,
				54F9ACA61D570E2E009A1F63 /* home.storyboard in Resources */,
				54F9ACAB1D570E66009A1F63 /* Person.storyboard in Resources */,
			);
			runOnlyForDeploymentPostprocessing = 0;
		};
		54F9AC821D570D7C009A1F63 /* Resources */ = {
			isa = PBXResourcesBuildPhase;
			buildActionMask = 2147483647;
			files = (
			);
			runOnlyForDeploymentPostprocessing = 0;
		};
		54F9AC8D1D570D7C009A1F63 /* Resources */ = {
			isa = PBXResourcesBuildPhase;
			buildActionMask = 2147483647;
			files = (
			);
			runOnlyForDeploymentPostprocessing = 0;
		};
/* End PBXResourcesBuildPhase section */

/* Begin PBXSourcesBuildPhase section */
		54F9AC6C1D570D7C009A1F63 /* Sources */ = {
			isa = PBXSourcesBuildPhase;
			buildActionMask = 2147483647;
			files = (
				54F9AC741D570D7C009A1F63 /* AppDelegate.swift in Sources */,
				54F9ACB01D570FF2009A1F63 /* BaseViewController.swift in Sources */,
				54F9ACB21D57110D009A1F63 /* HomeViewController.swift in Sources */,
			);
			runOnlyForDeploymentPostprocessing = 0;
		};
		54F9AC801D570D7C009A1F63 /* Sources */ = {
			isa = PBXSourcesBuildPhase;
			buildActionMask = 2147483647;
			files = (
				54F9AC891D570D7C009A1F63 /* VinciProjectTests.swift in Sources */,
			);
			runOnlyForDeploymentPostprocessing = 0;
		};
		54F9AC8B1D570D7C009A1F63 /* Sources */ = {
			isa = PBXSourcesBuildPhase;
			buildActionMask = 2147483647;
			files = (
				54F9AC941D570D7C009A1F63 /* VinciProjectUITests.swift in Sources */,
			);
			runOnlyForDeploymentPostprocessing = 0;
		};
/* End PBXSourcesBuildPhase section */

/* Begin PBXTargetDependency section */
		54F9AC861D570D7C009A1F63 /* PBXTargetDependency */ = {
			isa = PBXTargetDependency;
			target = 54F9AC6F1D570D7C009A1F63 /* VinciProject */;
			targetProxy = 54F9AC851D570D7C009A1F63 /* PBXContainerItemProxy */;
		};
		54F9AC911D570D7C009A1F63 /* PBXTargetDependency */ = {
			isa = PBXTargetDependency;
			target = 54F9AC6F1D570D7C009A1F63 /* VinciProject */;
			targetProxy = 54F9AC901D570D7C009A1F63 /* PBXContainerItemProxy */;
		};
/* End PBXTargetDependency section */

/* Begin PBXVariantGroup section */
		54F9AC771D570D7C009A1F63 /* Main.storyboard */ = {
			isa = PBXVariantGroup;
			children = (
				54F9AC781D570D7C009A1F63 /* Base */,
			);
			name = Main.storyboard;
			sourceTree = "<group>";
		};
		54F9AC7C1D570D7C009A1F63 /* LaunchScreen.storyboard */ = {
			isa = PBXVariantGroup;
			children = (
				54F9AC7D1D570D7C009A1F63 /* Base */,
			);
			name = LaunchScreen.storyboard;
			sourceTree = "<group>";
		};
		54F9ACA91D570E66009A1F63 /* Person.storyboard */ = {
			isa = PBXVariantGroup;
			children = (
				54F9ACAA1D570E66009A1F63 /* Base */,
			);
			name = Person.storyboard;
			path = ../..;
			sourceTree = "<group>";
		};
/* End PBXVariantGroup section */

/* Begin XCBuildConfiguration section */
		54F9AC961D570D7C009A1F63 /* Debug */ = {
			isa = XCBuildConfiguration;
			buildSettings = {
				ALWAYS_SEARCH_USER_PATHS = NO;
				CLANG_ANALYZER_NONNULL = YES;
				CLANG_CXX_LANGUAGE_STANDARD = "gnu++0x";
				CLANG_CXX_LIBRARY = "libc++";
				CLANG_ENABLE_MODULES = YES;
				CLANG_ENABLE_OBJC_ARC = YES;
				CLANG_WARN_BOOL_CONVERSION = YES;
				CLANG_WARN_CONSTANT_CONVERSION = YES;
				CLANG_WARN_DIRECT_OBJC_ISA_USAGE = YES_ERROR;
				CLANG_WARN_EMPTY_BODY = YES;
				CLANG_WARN_ENUM_CONVERSION = YES;
				CLANG_WARN_INT_CONVERSION = YES;
				CLANG_WARN_OBJC_ROOT_CLASS = YES_ERROR;
				CLANG_WARN_UNREACHABLE_CODE = YES;
				CLANG_WARN__DUPLICATE_METHOD_MATCH = YES;
				"CODE_SIGN_IDENTITY[sdk=iphoneos*]" = "iPhone Developer";
				COPY_PHASE_STRIP = NO;
				DEBUG_INFORMATION_FORMAT = dwarf;
				ENABLE_STRICT_OBJC_MSGSEND = YES;
				ENABLE_TESTABILITY = YES;
				GCC_C_LANGUAGE_STANDARD = gnu99;
				GCC_DYNAMIC_NO_PIC = NO;
				GCC_NO_COMMON_BLOCKS = YES;
				GCC_OPTIMIZATION_LEVEL = 0;
				GCC_PREPROCESSOR_DEFINITIONS = (
					"DEBUG=1",
					"$(inherited)",
				);
				GCC_WARN_64_TO_32_BIT_CONVERSION = YES;
				GCC_WARN_ABOUT_RETURN_TYPE = YES_ERROR;
				GCC_WARN_UNDECLARED_SELECTOR = YES;
				GCC_WARN_UNINITIALIZED_AUTOS = YES_AGGRESSIVE;
				GCC_WARN_UNUSED_FUNCTION = YES;
				GCC_WARN_UNUSED_VARIABLE = YES;
				IPHONEOS_DEPLOYMENT_TARGET = 9.3;
				MTL_ENABLE_DEBUG_INFO = YES;
				ONLY_ACTIVE_ARCH = YES;
				SDKROOT = iphoneos;
				SWIFT_OPTIMIZATION_LEVEL = "-Onone";
			};
			name = Debug;
		};
		54F9AC971D570D7C009A1F63 /* Release */ = {
			isa = XCBuildConfiguration;
			buildSettings = {
				ALWAYS_SEARCH_USER_PATHS = NO;
				CLANG_ANALYZER_NONNULL = YES;
				CLANG_CXX_LANGUAGE_STANDARD = "gnu++0x";
				CLANG_CXX_LIBRARY = "libc++";
				CLANG_ENABLE_MODULES = YES;
				CLANG_ENABLE_OBJC_ARC = YES;
				CLANG_WARN_BOOL_CONVERSION = YES;
				CLANG_WARN_CONSTANT_CONVERSION = YES;
				CLANG_WARN_DIRECT_OBJC_ISA_USAGE = YES_ERROR;
				CLANG_WARN_EMPTY_BODY = YES;
				CLANG_WARN_ENUM_CONVERSION = YES;
				CLANG_WARN_INT_CONVERSION = YES;
				CLANG_WARN_OBJC_ROOT_CLASS = YES_ERROR;
				CLANG_WARN_UNREACHABLE_CODE = YES;
				CLANG_WARN__DUPLICATE_METHOD_MATCH = YES;
				"CODE_SIGN_IDENTITY[sdk=iphoneos*]" = "iPhone Developer";
				COPY_PHASE_STRIP = NO;
				DEBUG_INFORMATION_FORMAT = "dwarf-with-dsym";
				ENABLE_NS_ASSERTIONS = NO;
				ENABLE_STRICT_OBJC_MSGSEND = YES;
				GCC_C_LANGUAGE_STANDARD = gnu99;
				GCC_NO_COMMON_BLOCKS = YES;
				GCC_WARN_64_TO_32_BIT_CONVERSION = YES;
				GCC_WARN_ABOUT_RETURN_TYPE = YES_ERROR;
				GCC_WARN_UNDECLARED_SELECTOR = YES;
				GCC_WARN_UNINITIALIZED_AUTOS = YES_AGGRESSIVE;
				GCC_WARN_UNUSED_FUNCTION = YES;
				GCC_WARN_UNUSED_VARIABLE = YES;
				IPHONEOS_DEPLOYMENT_TARGET = 9.3;
				MTL_ENABLE_DEBUG_INFO = NO;
				SDKROOT = iphoneos;
				VALIDATE_PRODUCT = YES;
			};
			name = Release;
		};
		54F9AC991D570D7C009A1F63 /* Debug */ = {
			isa = XCBuildConfiguration;
			buildSettings = {
				ASSETCATALOG_COMPILER_APPICON_NAME = AppIcon;
				INFOPLIST_FILE = VinciProject/Info.plist;
				LD_RUNPATH_SEARCH_PATHS = "$(inherited) @executable_path/Frameworks";
				PRODUCT_BUNDLE_IDENTIFIER = com.Vinci.VinciProject;
				PRODUCT_NAME = "$(TARGET_NAME)";
			};
			name = Debug;
		};
		54F9AC9A1D570D7C009A1F63 /* Release */ = {
			isa = XCBuildConfiguration;
			buildSettings = {
				ASSETCATALOG_COMPILER_APPICON_NAME = AppIcon;
				INFOPLIST_FILE = VinciProject/Info.plist;
				LD_RUNPATH_SEARCH_PATHS = "$(inherited) @executable_path/Frameworks";
				PRODUCT_BUNDLE_IDENTIFIER = com.Vinci.VinciProject;
				PRODUCT_NAME = "$(TARGET_NAME)";
			};
			name = Release;
		};
		54F9AC9C1D570D7C009A1F63 /* Debug */ = {
			isa = XCBuildConfiguration;
			buildSettings = {
				BUNDLE_LOADER = "$(TEST_HOST)";
				INFOPLIST_FILE = VinciProjectTests/Info.plist;
				LD_RUNPATH_SEARCH_PATHS = "$(inherited) @executable_path/Frameworks @loader_path/Frameworks";
				PRODUCT_BUNDLE_IDENTIFIER = com.Vinci.VinciProjectTests;
				PRODUCT_NAME = "$(TARGET_NAME)";
				TEST_HOST = "$(BUILT_PRODUCTS_DIR)/VinciProject.app/VinciProject";
			};
			name = Debug;
		};
		54F9AC9D1D570D7C009A1F63 /* Release */ = {
			isa = XCBuildConfiguration;
			buildSettings = {
				BUNDLE_LOADER = "$(TEST_HOST)";
				INFOPLIST_FILE = VinciProjectTests/Info.plist;
				LD_RUNPATH_SEARCH_PATHS = "$(inherited) @executable_path/Frameworks @loader_path/Frameworks";
				PRODUCT_BUNDLE_IDENTIFIER = com.Vinci.VinciProjectTests;
				PRODUCT_NAME = "$(TARGET_NAME)";
				TEST_HOST = "$(BUILT_PRODUCTS_DIR)/VinciProject.app/VinciProject";
			};
			name = Release;
		};
		54F9AC9F1D570D7C009A1F63 /* Debug */ = {
			isa = XCBuildConfiguration;
			buildSettings = {
				INFOPLIST_FILE = VinciProjectUITests/Info.plist;
				LD_RUNPATH_SEARCH_PATHS = "$(inherited) @executable_path/Frameworks @loader_path/Frameworks";
				PRODUCT_BUNDLE_IDENTIFIER = com.Vinci.VinciProjectUITests;
				PRODUCT_NAME = "$(TARGET_NAME)";
				TEST_TARGET_NAME = VinciProject;
			};
			name = Debug;
		};
		54F9ACA01D570D7C009A1F63 /* Release */ = {
			isa = XCBuildConfiguration;
			buildSettings = {
				INFOPLIST_FILE = VinciProjectUITests/Info.plist;
				LD_RUNPATH_SEARCH_PATHS = "$(inherited) @executable_path/Frameworks @loader_path/Frameworks";
				PRODUCT_BUNDLE_IDENTIFIER = com.Vinci.VinciProjectUITests;
				PRODUCT_NAME = "$(TARGET_NAME)";
				TEST_TARGET_NAME = VinciProject;
			};
			name = Release;
		};
/* End XCBuildConfiguration section */

/* Begin XCConfigurationList section */
		54F9AC6B1D570D7C009A1F63 /* Build configuration list for PBXProject "VinciProject" */ = {
			isa = XCConfigurationList;
			buildConfigurations = (
				54F9AC961D570D7C009A1F63 /* Debug */,
				54F9AC971D570D7C009A1F63 /* Release */,
			);
			defaultConfigurationIsVisible = 0;
			defaultConfigurationName = Release;
		};
		54F9AC981D570D7C009A1F63 /* Build configuration list for PBXNativeTarget "VinciProject" */ = {
			isa = XCConfigurationList;
			buildConfigurations = (
				54F9AC991D570D7C009A1F63 /* Debug */,
				54F9AC9A1D570D7C009A1F63 /* Release */,
			);
			defaultConfigurationIsVisible = 0;
		};
		54F9AC9B1D570D7C009A1F63 /* Build configuration list for PBXNativeTarget "VinciProjectTests" */ = {
			isa = XCConfigurationList;
			buildConfigurations = (
				54F9AC9C1D570D7C009A1F63 /* Debug */,
				54F9AC9D1D570D7C009A1F63 /* Release */,
			);
			defaultConfigurationIsVisible = 0;
		};
		54F9AC9E1D570D7C009A1F63 /* Build configuration list for PBXNativeTarget "VinciProjectUITests" */ = {
			isa = XCConfigurationList;
			buildConfigurations = (
				54F9AC9F1D570D7C009A1F63 /* Debug */,
				54F9ACA01D570D7C009A1F63 /* Release */,
			);
			defaultConfigurationIsVisible = 0;
		};
/* End XCConfigurationList section */
	};
	rootObject = 54F9AC681D570D7C009A1F63 /* Project object */;
}
